
Microsoft Visual Studio Solution File, Format Version 12.00
# Visual Studio Version 17
VisualStudioVersion = 17.1.32328.378
MinimumVisualStudioVersion = 10.0.40219.1
Project("{FAE04EC0-301F-11D3-BF4B-00C04F79EFBC}") = "accounting of components", "accounting of components\accounting of components.csproj", "{62D4E8C5-68CE-4A67-8982-FE633224176A}"
EndProject
Global
	GlobalSection(SolutionConfigurationPlatforms) = preSolution
		Debug|Any CPU = Debug|Any CPU
		Release|Any CPU = Release|Any CPU
	EndGlobalSection
	GlobalSection(ProjectConfigurationPlatforms) = postSolution
		{62D4E8C5-68CE-4A67-8982-FE633224176A}.Debug|Any CPU.ActiveCfg = Debug|Any CPU
		{62D4E8C5-68CE-4A67-8982-FE633224176A}.Debug|Any CPU.Build.0 = Debug|Any CPU
		{62D4E8C5-68CE-4A67-8982-FE633224176A}.Release|Any CPU.ActiveCfg = Release|Any CPU
		{62D4E8C5-68CE-4A67-8982-FE633224176A}.Release|Any CPU.Build.0 = Release|Any CPU
	EndGlobalSection
	GlobalSection(SolutionProperties) = preSolution
		HideSolutionNode = FALSE
	EndGlobalSection
	GlobalSection(ExtensibilityGlobals) = postSolution
		SolutionGuid = {68997ADD-74C6-46E9-BE15-EA59196CBA5A}
	EndGlobalSection
EndGlobal
